
Microsoft Visual Studio Solution File, Format Version 12.00
# Visual Studio 15
VisualStudioVersion = 15.0.28010.2050
MinimumVisualStudioVersion = 10.0.40219.1
Project("{FAE04EC0-301F-11D3-BF4B-00C04F79EFBC}") = "Db Backup Job Creator", "Db Backup Job Creator\Db Backup Job Creator.csproj", "{F991D5F3-4310-45FB-9937-A605415190B8}"
EndProject
Global
	GlobalSection(SolutionConfigurationPlatforms) = preSolution
		Debug|Any CPU = Debug|Any CPU
		Release|Any CPU = Release|Any CPU
	EndGlobalSection
	GlobalSection(ProjectConfigurationPlatforms) = postSolution
		{F991D5F3-4310-45FB-9937-A605415190B8}.Debug|Any CPU.ActiveCfg = Debug|Any CPU
		{F991D5F3-4310-45FB-9937-A605415190B8}.Debug|Any CPU.Build.0 = Debug|Any CPU
		{F991D5F3-4310-45FB-9937-A605415190B8}.Release|Any CPU.ActiveCfg = Release|Any CPU
		{F991D5F3-4310-45FB-9937-A605415190B8}.Release|Any CPU.Build.0 = Release|Any CPU
	EndGlobalSection
	GlobalSection(SolutionProperties) = preSolution
		HideSolutionNode = FALSE
	EndGlobalSection
	GlobalSection(ExtensibilityGlobals) = postSolution
		SolutionGuid = {69014E68-D55C-477C-AB89-FC3E7B9FFBB9}
	EndGlobalSection
EndGlobal
